Microsoft Visual Studio Solution File, Format Version 12.00
# Visual Studio Version 17
VisualStudioVersion = 17.5.2.0
MinimumVisualStudioVersion = 10.0.40219.1
Project("{FAE04EC0-301F-11D3-BF4B-00C04F79EFBC}") = "PersonalFinanceApi", "PersonalFinanceApi.csproj", "{B06D78E2-A4C3-E5BD-C93A-22168F4CFF9C}"
EndProject
Global
	GlobalSection(SolutionConfigurationPlatforms) = preSolution
		Debug|Any CPU = Debug|Any CPU
		Release|Any CPU = Release|Any CPU
	EndGlobalSection
	GlobalSection(ProjectConfigurationPlatforms) = postSolution
		{B06D78E2-A4C3-E5BD-C93A-22168F4CFF9C}.Debug|Any CPU.ActiveCfg = Debug|Any CPU
		{B06D78E2-A4C3-E5BD-C93A-22168F4CFF9C}.Debug|Any CPU.Build.0 = Debug|Any CPU
		{B06D78E2-A4C3-E5BD-C93A-22168F4CFF9C}.Release|Any CPU.ActiveCfg = Release|Any CPU
		{B06D78E2-A4C3-E5BD-C93A-22168F4CFF9C}.Release|Any CPU.Build.0 = Release|Any CPU
	EndGlobalSection
	GlobalSection(SolutionProperties) = preSolution
		HideSolutionNode = FALSE
	EndGlobalSection
	GlobalSection(ExtensibilityGlobals) = postSolution
		SolutionGuid = {7E533CC8-6CD0-470F-923C-011F3956FCB4}
	EndGlobalSection
EndGlobal
